
Microsoft Visual Studio Solution File, Format Version 12.00
# Visual Studio Version 16
VisualStudioVersion = 16.0.31321.278
MinimumVisualStudioVersion = 10.0.40219.1
Project("{FAE04EC0-301F-11D3-BF4B-00C04F79EFBC}") = "BP2_StefanBesovic", "BP2_StefanBesovic.csproj", "{A5D191D7-AEA2-46BE-82F7-E49290AE880E}"
EndProject
Project("{FAE04EC0-301F-11D3-BF4B-00C04F79EFBC}") = "ProjectLogic", "..\ProjectLogic\ProjectLogic.csproj", "{D78AFA82-7770-48FF-B26C-6C73248B89EF}"
EndProject
Global
	GlobalSection(SolutionConfigurationPlatforms) = preSolution
		Debug|Any CPU = Debug|Any CPU
		Release|Any CPU = Release|Any CPU
	EndGlobalSection
	GlobalSection(ProjectConfigurationPlatforms) = postSolution
		{A5D191D7-AEA2-46BE-82F7-E49290AE880E}.Debug|Any CPU.ActiveCfg = Debug|Any CPU
		{A5D191D7-AEA2-46BE-82F7-E49290AE880E}.Debug|Any CPU.Build.0 = Debug|Any CPU
		{A5D191D7-AEA2-46BE-82F7-E49290AE880E}.Release|Any CPU.ActiveCfg = Release|Any CPU
		{A5D191D7-AEA2-46BE-82F7-E49290AE880E}.Release|Any CPU.Build.0 = Release|Any CPU
		{D78AFA82-7770-48FF-B26C-6C73248B89EF}.Debug|Any CPU.ActiveCfg = Debug|Any CPU
		{D78AFA82-7770-48FF-B26C-6C73248B89EF}.Debug|Any CPU.Build.0 = Debug|Any CPU
		{D78AFA82-7770-48FF-B26C-6C73248B89EF}.Release|Any CPU.ActiveCfg = Release|Any CPU
		{D78AFA82-7770-48FF-B26C-6C73248B89EF}.Release|Any CPU.Build.0 = Release|Any CPU
	EndGlobalSection
	GlobalSection(SolutionProperties) = preSolution
		HideSolutionNode = FALSE
	EndGlobalSection
	GlobalSection(ExtensibilityGlobals) = postSolution
		SolutionGuid = {2DD780E5-1BE5-4AD9-B17D-CAFD90C215DA}
	EndGlobalSection
EndGlobal
